DEPENDENCIES
  apache2
  apache2-wrap
    path: site-cookbooks/apache2-wrap
  composer
  git
  iptables
  php
  php-wrapper
    git: https://github.com/tektoh/php-wrapper.git
    revision: e10c6ded042bfeb96bb3e8d25d7b0ae5c5c0eaa5
  selinux
  yum
  yum-epel
  yum-remi
    git: https://github.com/tektoh/yum-remi.git
    revision: a1314401426ec9f734a9047e5797a1af326676f5
  yum-repoforge

GRAPH
  apache2 (1.10.4)
    iptables (>= 0.0.0)
    logrotate (>= 0.0.0)
    pacman (>= 0.0.0)
  apache2-wrap (0.1.0)
    apache2 (>= 0.0.0)
  build-essential (2.0.2)
  chef_handler (1.1.6)
  composer (1.0.1)
    php (>= 0.0.0)
    windows (>= 0.0.0)
  dmg (2.2.0)
  git (4.0.2)
    build-essential (>= 0.0.0)
    dmg (>= 0.0.0)
    runit (>= 1.0.0)
    windows (>= 0.0.0)
    yum (~> 3.0)
    yum-epel (>= 0.0.0)
  iis (2.1.2)
    windows (>= 1.2.6)
  iptables (0.13.2)
  logrotate (1.5.0)
  mysql (5.2.6)
  pacman (1.1.1)
  php (1.4.6)
    build-essential (>= 0.0.0)
    iis (>= 0.0.0)
    mysql (>= 0.0.0)
    windows (>= 0.0.0)
    xml (>= 0.0.0)
    yum-epel (>= 0.0.0)
  php-wrapper (0.1.0)
    apache2 (>= 0.0.0)
    php (>= 0.0.0)
  runit (1.5.10)
    build-essential (>= 0.0.0)
    yum (~> 3.0)
    yum-epel (>= 0.0.0)
  selinux (0.8.0)
  windows (1.31.0)
    chef_handler (>= 0.0.0)
  xml (1.2.4)
    build-essential (>= 0.0.0)
  yum (3.2.0)
  yum-epel (0.3.6)
    yum (~> 3.0)
  yum-remi (0.1.0)
    yum (~> 3.0)
    yum-epel (>= 0.0.0)
  yum-repoforge (0.2.0)
    yum (~> 3.0)
    yum-epel (>= 0.0.0)
